
Microsoft Visual Studio Solution File, Format Version 12.00
# Visual Studio Version 16
VisualStudioVersion = 16.0.29306.81
MinimumVisualStudioVersion = 10.0.40219.1
Project("{FAE04EC0-301F-11D3-BF4B-00C04F79EFBC}") = "Вариант 23", "Вариант 23\Вариант 23.csproj", "{44050D0B-6983-4D61-A62E-4A381D99AEA8}"
EndProject
Global
	GlobalSection(SolutionConfigurationPlatforms) = preSolution
		Debug|Any CPU = Debug|Any CPU
		Release|Any CPU = Release|Any CPU
	EndGlobalSection
	GlobalSection(ProjectConfigurationPlatforms) = postSolution
		{44050D0B-6983-4D61-A62E-4A381D99AEA8}.Debug|Any CPU.ActiveCfg = Debug|Any CPU
		{44050D0B-6983-4D61-A62E-4A381D99AEA8}.Debug|Any CPU.Build.0 = Debug|Any CPU
		{44050D0B-6983-4D61-A62E-4A381D99AEA8}.Release|Any CPU.ActiveCfg = Release|Any CPU
		{44050D0B-6983-4D61-A62E-4A381D99AEA8}.Release|Any CPU.Build.0 = Release|Any CPU
	EndGlobalSection
	GlobalSection(SolutionProperties) = preSolution
		HideSolutionNode = FALSE
	EndGlobalSection
	GlobalSection(ExtensibilityGlobals) = postSolution
		SolutionGuid = {462B9127-D8E9-4A34-93C8-73464BD216CF}
	EndGlobalSection
EndGlobal
